
Microsoft Visual Studio Solution File, Format Version 12.00
# Visual Studio Version 16
VisualStudioVersion = 16.0.31702.278
MinimumVisualStudioVersion = 10.0.40219.1
Project("{FAE04EC0-301F-11D3-BF4B-00C04F79EFBC}") = "3.10.-VisorImagenesActualizado", "3.10.-VisorImagenesActualizado\3.10.-VisorImagenesActualizado.csproj", "{9B43F75A-725B-4CBF-9DB2-E5B9059EDF36}"
EndProject
Global
	GlobalSection(SolutionConfigurationPlatforms) = preSolution
		Debug|Any CPU = Debug|Any CPU
		Release|Any CPU = Release|Any CPU
	EndGlobalSection
	GlobalSection(ProjectConfigurationPlatforms) = postSolution
		{9B43F75A-725B-4CBF-9DB2-E5B9059EDF36}.Debug|Any CPU.ActiveCfg = Debug|Any CPU
		{9B43F75A-725B-4CBF-9DB2-E5B9059EDF36}.Debug|Any CPU.Build.0 = Debug|Any CPU
		{9B43F75A-725B-4CBF-9DB2-E5B9059EDF36}.Release|Any CPU.ActiveCfg = Release|Any CPU
		{9B43F75A-725B-4CBF-9DB2-E5B9059EDF36}.Release|Any CPU.Build.0 = Release|Any CPU
	EndGlobalSection
	GlobalSection(SolutionProperties) = preSolution
		HideSolutionNode = FALSE
	EndGlobalSection
	GlobalSection(ExtensibilityGlobals) = postSolution
		SolutionGuid = {F9DEBC6C-7847-49ED-827F-70B44F03875E}
	EndGlobalSection
EndGlobal
